
Microsoft Visual Studio Solution File, Format Version 12.00
# Visual Studio Version 16
VisualStudioVersion = 16.0.31205.134
MinimumVisualStudioVersion = 10.0.40219.1
Project("{FAE04EC0-301F-11D3-BF4B-00C04F79EFBC}") = "If Positive", "If Positive\If Positive.csproj", "{66D489C4-A08E-49B0-91CA-E4D1E2B53185}"
EndProject
Global
	GlobalSection(SolutionConfigurationPlatforms) = preSolution
		Debug|Any CPU = Debug|Any CPU
		Release|Any CPU = Release|Any CPU
	EndGlobalSection
	GlobalSection(ProjectConfigurationPlatforms) = postSolution
		{66D489C4-A08E-49B0-91CA-E4D1E2B53185}.Debug|Any CPU.ActiveCfg = Debug|Any CPU
		{66D489C4-A08E-49B0-91CA-E4D1E2B53185}.Debug|Any CPU.Build.0 = Debug|Any CPU
		{66D489C4-A08E-49B0-91CA-E4D1E2B53185}.Release|Any CPU.ActiveCfg = Release|Any CPU
		{66D489C4-A08E-49B0-91CA-E4D1E2B53185}.Release|Any CPU.Build.0 = Release|Any CPU
	EndGlobalSection
	GlobalSection(SolutionProperties) = preSolution
		HideSolutionNode = FALSE
	EndGlobalSection
	GlobalSection(ExtensibilityGlobals) = postSolution
		SolutionGuid = {E078CE0F-2AE3-41C1-AD9D-4823447C3974}
	EndGlobalSection
EndGlobal
